<?xml version="1.0" encoding="utf-8"?>
<Project ToolsVersion="4.0" xmlns="http://schemas.microsoft.com/developer/msbuild/2003">
  <ItemGroup>
    <Filter Include="소스 파일">
      <UniqueIdentifier>{4FC737F1-C7A5-4376-A066-2A32D752A2FF}</UniqueIdentifier>
      <Extensions>cpp;c;cc;cxx;def;odl;idl;hpj;bat;asm;asmx</Extensions>
    </Filter>
    <Filter Include="헤더 파일">
      <UniqueIdentifier>{93995380-89BD-4b04-88EB-625FBE52EBFB}</UniqueIdentifier>
      <Extensions>h;hpp;hxx;hm;inl;inc;xsd</Extensions>
    </Filter>
    <Filter Include="리소스 파일">
      <UniqueIdentifier>{67DA6AB6-F800-4c08-8B7A-83BB121AAD01}</UniqueIdentifier>
      <Extensions>rc;ico;cur;bmp;dlg;rc2;rct;bin;rgs;gif;jpg;jpeg;jpe;resx;tiff;tif;png;wav;mfcribbon-ms</Extensions>
    </Filter>
  </ItemGroup>
  <ItemGroup>
    <ClCompile Include="IS.cpp">
      <Filter>소스 파일</Filter>
    </ClCompile>
    <ClCompile Include="WordtoInt.cpp">
      <Filter>헤더 파일</Filter>
    </ClCompile>
    <ClCompile Include="jdksmidi_advancedsequencer.cpp">
      <Filter>헤더 파일</Filter>
    </ClCompile>
    <ClCompile Include="jdksmidi_driver.cpp">
      <Filter>헤더 파일</Filter>
    </ClCompile>
    <ClCompile Include="jdksmidi_driverdump.cpp">
      <Filter>헤더 파일</Filter>
    </ClCompile>
    <ClCompile Include="jdksmidi_edittrack.cpp">
      <Filter>헤더 파일</Filter>
    </ClCompile>
    <ClCompile Include="jdksmidi_file.cpp">
      <Filter>헤더 파일</Filter>
    </ClCompile>
    <ClCompile Include="jdksmidi_fileread.cpp">
      <Filter>헤더 파일</Filter>
    </ClCompile>
    <ClCompile Include="jdksmidi_filereadmultitrack.cpp">
      <Filter>헤더 파일</Filter>
    </ClCompile>
    <ClCompile Include="jdksmidi_fileshow.cpp">
      <Filter>헤더 파일</Filter>
    </ClCompile>
    <ClCompile Include="jdksmidi_filewrite.cpp">
      <Filter>헤더 파일</Filter>
    </ClCompile>
    <ClCompile Include="jdksmidi_filewritemultitrack.cpp">
      <Filter>헤더 파일</Filter>
    </ClCompile>
    <ClCompile Include="jdksmidi_keysig.cpp">
      <Filter>헤더 파일</Filter>
    </ClCompile>
    <ClCompile Include="jdksmidi_manager.cpp">
      <Filter>헤더 파일</Filter>
    </ClCompile>
    <ClCompile Include="jdksmidi_matrix.cpp">
      <Filter>헤더 파일</Filter>
    </ClCompile>
    <ClCompile Include="jdksmidi_midi.cpp">
      <Filter>헤더 파일</Filter>
    </ClCompile>
    <ClCompile Include="jdksmidi_msg.cpp">
      <Filter>헤더 파일</Filter>
    </ClCompile>
    <ClCompile Include="jdksmidi_multitrack.cpp">
      <Filter>헤더 파일</Filter>
    </ClCompile>
    <ClCompile Include="jdksmidi_parser.cpp">
      <Filter>헤더 파일</Filter>
    </ClCompile>
    <ClCompile Include="jdksmidi_process.cpp">
      <Filter>헤더 파일</Filter>
    </ClCompile>
    <ClCompile Include="jdksmidi_queue.cpp">
      <Filter>헤더 파일</Filter>
    </ClCompile>
    <ClCompile Include="jdksmidi_sequencer.cpp">
      <Filter>헤더 파일</Filter>
    </ClCompile>
    <ClCompile Include="jdksmidi_showcontrol.cpp">
      <Filter>헤더 파일</Filter>
    </ClCompile>
    <ClCompile Include="jdksmidi_showcontrolhandler.cpp">
      <Filter>헤더 파일</Filter>
    </ClCompile>
    <ClCompile Include="jdksmidi_smpte.cpp">
      <Filter>헤더 파일</Filter>
    </ClCompile>
    <ClCompile Include="jdksmidi_sysex.cpp">
      <Filter>헤더 파일</Filter>
    </ClCompile>
    <ClCompile Include="jdksmidi_tempo.cpp">
      <Filter>헤더 파일</Filter>
    </ClCompile>
    <ClCompile Include="jdksmidi_tick.cpp">
      <Filter>헤더 파일</Filter>
    </ClCompile>
    <ClCompile Include="jdksmidi_track.cpp">
      <Filter>헤더 파일</Filter>
    </ClCompile>
    <ClCompile Include="jdksmidi_utils.cpp">
      <Filter>헤더 파일</Filter>
    </ClCompile>
    <ClCompile Include="RSAEncrypter.cpp">
      <Filter>소스 파일</Filter>
    </ClCompile>
  </ItemGroup>
  <ItemGroup>
    <ClInclude Include="WordtoInt.h">
      <Filter>헤더 파일</Filter>
    </ClInclude>
    <ClInclude Include="advancedsequencer.h">
      <Filter>헤더 파일</Filter>
    </ClInclude>
    <ClInclude Include="driver.h">
      <Filter>헤더 파일</Filter>
    </ClInclude>
    <ClInclude Include="driverdump.h">
      <Filter>헤더 파일</Filter>
    </ClInclude>
    <ClInclude Include="edittrack.h">
      <Filter>헤더 파일</Filter>
    </ClInclude>
    <ClInclude Include="file.h">
      <Filter>헤더 파일</Filter>
    </ClInclude>
    <ClInclude Include="fileread.h">
      <Filter>헤더 파일</Filter>
    </ClInclude>
    <ClInclude Include="filereadmultitrack.h">
      <Filter>헤더 파일</Filter>
    </ClInclude>
    <ClInclude Include="fileshow.h">
      <Filter>헤더 파일</Filter>
    </ClInclude>
    <ClInclude Include="filewrite.h">
      <Filter>헤더 파일</Filter>
    </ClInclude>
    <ClInclude Include="filewritemultitrack.h">
      <Filter>헤더 파일</Filter>
    </ClInclude>
    <ClInclude Include="keysig.h">
      <Filter>헤더 파일</Filter>
    </ClInclude>
    <ClInclude Include="manager.h">
      <Filter>헤더 파일</Filter>
    </ClInclude>
    <ClInclude Include="matrix.h">
      <Filter>헤더 파일</Filter>
    </ClInclude>
    <ClInclude Include="midi.h">
      <Filter>헤더 파일</Filter>
    </ClInclude>
    <ClInclude Include="msg.h">
      <Filter>헤더 파일</Filter>
    </ClInclude>
    <ClInclude Include="multitrack.h">
      <Filter>헤더 파일</Filter>
    </ClInclude>
    <ClInclude Include="parser.h">
      <Filter>헤더 파일</Filter>
    </ClInclude>
    <ClInclude Include="process.h">
      <Filter>헤더 파일</Filter>
    </ClInclude>
    <ClInclude Include="queue.h">
      <Filter>헤더 파일</Filter>
    </ClInclude>
    <ClInclude Include="sequencer.h">
      <Filter>헤더 파일</Filter>
    </ClInclude>
    <ClInclude Include="showcontrol.h">
      <Filter>헤더 파일</Filter>
    </ClInclude>
    <ClInclude Include="showcontrolhandler.h">
      <Filter>헤더 파일</Filter>
    </ClInclude>
    <ClInclude Include="smpte.h">
      <Filter>헤더 파일</Filter>
    </ClInclude>
    <ClInclude Include="song.h">
      <Filter>헤더 파일</Filter>
    </ClInclude>
    <ClInclude Include="sysex.h">
      <Filter>헤더 파일</Filter>
    </ClInclude>
    <ClInclude Include="tempo.h">
      <Filter>헤더 파일</Filter>
    </ClInclude>
    <ClInclude Include="tick.h">
      <Filter>헤더 파일</Filter>
    </ClInclude>
    <ClInclude Include="track.h">
      <Filter>헤더 파일</Filter>
    </ClInclude>
    <ClInclude Include="utils.h">
      <Filter>헤더 파일</Filter>
    </ClInclude>
    <ClInclude Include="world.h">
      <Filter>헤더 파일</Filter>
    </ClInclude>
    <ClInclude Include="RSAEncrypter.h">
      <Filter>헤더 파일</Filter>
    </ClInclude>
  </ItemGroup>
</Project>